
Microsoft Visual Studio Solution File, Format Version 12.00
# Visual Studio Version 16
VisualStudioVersion = 16.0.31112.23
MinimumVisualStudioVersion = 10.0.40219.1
Project("{8BC9CEB8-8B4A-11D0-8D11-00A0C91BC942}") = "CabManServer", "CabManServer\CabManServer.vcxproj", "{A42406FE-AFAA-4BF9-8CD9-0864C06F4283}"
	ProjectSection(ProjectDependencies) = postProject
		{C05E6391-B44E-43E4-9FE9-69B1D85850F6} = {C05E6391-B44E-43E4-9FE9-69B1D85850F6}
	EndProjectSection
EndProject
Project("{8BC9CEB8-8B4A-11D0-8D11-00A0C91BC942}") = "CabManCommon", "CabManCommon\CabManCommon.vcxproj", "{C05E6391-B44E-43E4-9FE9-69B1D85850F6}"
EndProject
Project("{8BC9CEB8-8B4A-11D0-8D11-00A0C91BC942}") = "CabManClient", "CabManClient\CabManClient.vcxproj", "{F131B9C7-B75E-42FF-970A-1ACCDBBD918F}"
	ProjectSection(ProjectDependencies) = postProject
		{C05E6391-B44E-43E4-9FE9-69B1D85850F6} = {C05E6391-B44E-43E4-9FE9-69B1D85850F6}
	EndProjectSection
EndProject
Project("{8BC9CEB8-8B4A-11D0-8D11-00A0C91BC942}") = "CabManClientConsole", "CabManClientConsole\CabManClientConsole.vcxproj", "{F98B1D2C-1E43-40F0-B9A5-E1533BA33F06}"
	ProjectSection(ProjectDependencies) = postProject
		{C05E6391-B44E-43E4-9FE9-69B1D85850F6} = {C05E6391-B44E-43E4-9FE9-69B1D85850F6}
	EndProjectSection
EndProject
Global
	GlobalSection(SolutionConfigurationPlatforms) = preSolution
		Debug|x64 = Debug|x64
		Debug|x86 = Debug|x86
		Release|x64 = Release|x64
		Release|x86 = Release|x86
	EndGlobalSection
	GlobalSection(ProjectConfigurationPlatforms) = postSolution
		{A42406FE-AFAA-4BF9-8CD9-0864C06F4283}.Debug|x64.ActiveCfg = Debug|x64
		{A42406FE-AFAA-4BF9-8CD9-0864C06F4283}.Debug|x64.Build.0 = Debug|x64
		{A42406FE-AFAA-4BF9-8CD9-0864C06F4283}.Debug|x86.ActiveCfg = Debug|Win32
		{A42406FE-AFAA-4BF9-8CD9-0864C06F4283}.Debug|x86.Build.0 = Debug|Win32
		{A42406FE-AFAA-4BF9-8CD9-0864C06F4283}.Release|x64.ActiveCfg = Release|x64
		{A42406FE-AFAA-4BF9-8CD9-0864C06F4283}.Release|x64.Build.0 = Release|x64
		{A42406FE-AFAA-4BF9-8CD9-0864C06F4283}.Release|x86.ActiveCfg = Release|Win32
		{A42406FE-AFAA-4BF9-8CD9-0864C06F4283}.Release|x86.Build.0 = Release|Win32
		{C05E6391-B44E-43E4-9FE9-69B1D85850F6}.Debug|x64.ActiveCfg = Debug|x64
		{C05E6391-B44E-43E4-9FE9-69B1D85850F6}.Debug|x64.Build.0 = Debug|x64
		{C05E6391-B44E-43E4-9FE9-69B1D85850F6}.Debug|x86.ActiveCfg = Debug|Win32
		{C05E6391-B44E-43E4-9FE9-69B1D85850F6}.Debug|x86.Build.0 = Debug|Win32
		{C05E6391-B44E-43E4-9FE9-69B1D85850F6}.Release|x64.ActiveCfg = Release|x64
		{C05E6391-B44E-43E4-9FE9-69B1D85850F6}.Release|x64.Build.0 = Release|x64
		{C05E6391-B44E-43E4-9FE9-69B1D85850F6}.Release|x86.ActiveCfg = Release|Win32
		{C05E6391-B44E-43E4-9FE9-69B1D85850F6}.Release|x86.Build.0 = Release|Win32
		{F131B9C7-B75E-42FF-970A-1ACCDBBD918F}.Debug|x64.ActiveCfg = Debug|x64
		{F131B9C7-B75E-42FF-970A-1ACCDBBD918F}.Debug|x64.Build.0 = Debug|x64
		{F131B9C7-B75E-42FF-970A-1ACCDBBD918F}.Debug|x86.ActiveCfg = Debug|x64
		{F131B9C7-B75E-42FF-970A-1ACCDBBD918F}.Release|x64.ActiveCfg = Release|x64
		{F131B9C7-B75E-42FF-970A-1ACCDBBD918F}.Release|x64.Build.0 = Release|x64
		{F131B9C7-B75E-42FF-970A-1ACCDBBD918F}.Release|x86.ActiveCfg = Release|x64
		{F98B1D2C-1E43-40F0-B9A5-E1533BA33F06}.Debug|x64.ActiveCfg = Debug|x64
		{F98B1D2C-1E43-40F0-B9A5-E1533BA33F06}.Debug|x64.Build.0 = Debug|x64
		{F98B1D2C-1E43-40F0-B9A5-E1533BA33F06}.Debug|x86.ActiveCfg = Debug|Win32
		{F98B1D2C-1E43-40F0-B9A5-E1533BA33F06}.Debug|x86.Build.0 = Debug|Win32
		{F98B1D2C-1E43-40F0-B9A5-E1533BA33F06}.Release|x64.ActiveCfg = Release|x64
		{F98B1D2C-1E43-40F0-B9A5-E1533BA33F06}.Release|x64.Build.0 = Release|x64
		{F98B1D2C-1E43-40F0-B9A5-E1533BA33F06}.Release|x86.ActiveCfg = Release|Win32
		{F98B1D2C-1E43-40F0-B9A5-E1533BA33F06}.Release|x86.Build.0 = Release|Win32
	EndGlobalSection
	GlobalSection(SolutionProperties) = preSolution
		HideSolutionNode = FALSE
	EndGlobalSection
	GlobalSection(ExtensibilityGlobals) = postSolution
		SolutionGuid = {CB0085C5-8EC4-4795-B90A-6B79A96F6BE8}
	EndGlobalSection
EndGlobal
